{
  "originHash" : "0e4a0c5fe5d16a8531c85ee18a13b5453f920d55de5e8287d3e6f2d4417b5f03",
  "pins" : [
    {
      "identity" : "plate",
      "kind" : "remoteSourceControl",
      "location" : "https://github.com/leviouwendijk/plate.git",
      "state" : {
        "branch" : "master",
        "revision" : "4c5bc54c40f9ed0f7f2c58c7c0b43cf884d266ca"
      }
    },
    {
      "identity" : "structures",
      "kind" : "remoteSourceControl",
      "location" : "https://github.com/leviouwendijk/Structures.git",
      "state" : {
        "branch" : "master",
        "revision" : "8bcc72b036d9acc29725feee693fa9248dd7f6b5"
      }
    }
  ],
  "version" : 3
}
