{
  "originHash" : "0e4a0c5fe5d16a8531c85ee18a13b5453f920d55de5e8287d3e6f2d4417b5f03",
  "pins" : [
    {
      "identity" : "plate",
      "kind" : "remoteSourceControl",
      "location" : "https://github.com/leviouwendijk/plate.git",
      "state" : {
        "branch" : "master",
        "revision" : "932f7c6f7a3280ea722e935df6b199138c9e9844"
      }
    },
    {
      "identity" : "structures",
      "kind" : "remoteSourceControl",
      "location" : "https://github.com/leviouwendijk/Structures.git",
      "state" : {
        "branch" : "master",
        "revision" : "96d7468435ea966e30c02df6fd6cf5c543dab959"
      }
    }
  ],
  "version" : 3
}
