{
  "originHash" : "0e4a0c5fe5d16a8531c85ee18a13b5453f920d55de5e8287d3e6f2d4417b5f03",
  "pins" : [
    {
      "identity" : "plate",
      "kind" : "remoteSourceControl",
      "location" : "https://github.com/leviouwendijk/plate.git",
      "state" : {
        "branch" : "master",
        "revision" : "bef4fe9c3d768cd76521af5d63d0628ccbad06d2"
      }
    },
    {
      "identity" : "structures",
      "kind" : "remoteSourceControl",
      "location" : "https://github.com/leviouwendijk/Structures.git",
      "state" : {
        "branch" : "master",
        "revision" : "24d08807d7d8eb60b3a03f752cd0dd90b3577bf7"
      }
    }
  ],
  "version" : 3
}
